
Microsoft Visual Studio Solution File, Format Version 12.00
# Visual Studio Version 17
VisualStudioVersion = 17.4.33213.308
MinimumVisualStudioVersion = 10.0.40219.1
Project("{FAE04EC0-301F-11D3-BF4B-00C04F79EFBC}") = "trackingapi", "trackingapi\trackingapi.csproj", "{C8D5DB46-DDEA-43FB-8793-2ED1EC0E4AD4}"
EndProject
Project("{FAE04EC0-301F-11D3-BF4B-00C04F79EFBC}") = "tracking.client", "tracking.client\tracking.client.csproj", "{AC4F64E4-C069-489A-8D5E-CB5CC76E5EC8}"
EndProject
Global
	GlobalSection(SolutionConfigurationPlatforms) = preSolution
		Debug|Any CPU = Debug|Any CPU
		Release|Any CPU = Release|Any CPU
	EndGlobalSection
	GlobalSection(ProjectConfigurationPlatforms) = postSolution
		{C8D5DB46-DDEA-43FB-8793-2ED1EC0E4AD4}.Debug|Any CPU.ActiveCfg = Debug|Any CPU
		{C8D5DB46-DDEA-43FB-8793-2ED1EC0E4AD4}.Debug|Any CPU.Build.0 = Debug|Any CPU
		{C8D5DB46-DDEA-43FB-8793-2ED1EC0E4AD4}.Release|Any CPU.ActiveCfg = Release|Any CPU
		{C8D5DB46-DDEA-43FB-8793-2ED1EC0E4AD4}.Release|Any CPU.Build.0 = Release|Any CPU
		{AC4F64E4-C069-489A-8D5E-CB5CC76E5EC8}.Debug|Any CPU.ActiveCfg = Debug|Any CPU
		{AC4F64E4-C069-489A-8D5E-CB5CC76E5EC8}.Debug|Any CPU.Build.0 = Debug|Any CPU
		{AC4F64E4-C069-489A-8D5E-CB5CC76E5EC8}.Release|Any CPU.ActiveCfg = Release|Any CPU
		{AC4F64E4-C069-489A-8D5E-CB5CC76E5EC8}.Release|Any CPU.Build.0 = Release|Any CPU
	EndGlobalSection
	GlobalSection(SolutionProperties) = preSolution
		HideSolutionNode = FALSE
	EndGlobalSection
	GlobalSection(ExtensibilityGlobals) = postSolution
		SolutionGuid = {A2FDEFE3-3B2E-4B2F-A3CA-315FB8F8BE5B}
	EndGlobalSection
EndGlobal
